{
  "version": 4,
  "terraform_version": "1.11.3",
  "serial": 313,
  "lineage": "2dda9ad6-f225-9251-c0c2-c30ea9af1a2d",
  "outputs": {},
  "resources": [
    {
      "mode": "data",
      "type": "archive_file",
      "name": "default",
      "provider": "provider[\"registry.terraform.io/hashicorp/archive\"]",
      "instances": [
        {
          "schema_version": 0,
          "attributes": {
            "exclude_symlink_directories": null,
            "excludes": null,
            "id": "a310ff2f6265ba19425ed1d6e48790d6cd2cf0ef",
            "output_base64sha256": "ue5dOu323L7Vr1WmAfC6zSDLzrzEAyQOe/EqfOdTmEs=",
            "output_base64sha512": "kUrK8hzZYCtqVNuoOl9qJRmPc/tR/LmGIRqCtHTBYsh46PFzX2ApzUH6f6qncoJ3ZKFL9oOjh11n5DXHE7yltQ==",
            "output_file_mode": null,
            "output_md5": "0a29f8022314aa4f8b78015a094686cb",
            "output_path": "/tmp/function-source.zip",
            "output_sha": "a310ff2f6265ba19425ed1d6e48790d6cd2cf0ef",
            "output_sha256": "b9ee5d3aedf6dcbed5af55a601f0bacd20cbcebcc403240e7bf12a7ce753984b",
            "output_sha512": "914acaf21cd9602b6a54dba83a5f6a25198f73fb51fcb986211a82b474c162c878e8f1735f6029cd41fa7faaa772827764a14bf683a3875d67e435c713bca5b5",
            "output_size": 1272,
            "source": [],
            "source_content": null,
            "source_content_filename": null,
            "source_dir": "../function-source/",
            "source_file": null,
            "type": "zip"
          },
          "sensitive_attributes": []
        }
      ]
    },
    {
      "mode": "data",
      "type": "google_project",
      "name": "project",
      "provider": "provider[\"registry.terraform.io/hashicorp/google\"]",
      "instances": [
        {
          "schema_version": 0,
          "attributes": {
            "auto_create_network": null,
            "billing_account": null,
            "deletion_policy": "PREVENT",
            "effective_labels": {},
            "folder_id": null,
            "id": "projects/hamilius",
            "labels": {},
            "name": "Hamilius",
            "number": "471862347286",
            "org_id": null,
            "project_id": "hamilius",
            "tags": null,
            "terraform_labels": {}
          },
          "sensitive_attributes": []
        }
      ]
    },
    {
      "mode": "data",
      "type": "google_storage_project_service_account",
      "name": "default",
      "provider": "provider[\"registry.terraform.io/hashicorp/google\"]",
      "instances": [
        {
          "schema_version": 0,
          "attributes": {
            "email_address": "service-471862347286@gs-project-accounts.iam.gserviceaccount.com",
            "id": "service-471862347286@gs-project-accounts.iam.gserviceaccount.com",
            "member": "serviceAccount:service-471862347286@gs-project-accounts.iam.gserviceaccount.com",
            "project": "hamilius",
            "user_project": null
          },
          "sensitive_attributes": []
        }
      ]
    },
    {
      "mode": "managed",
      "type": "google_api_gateway_api",
      "name": "flask-api-service_api_cfg",
      "provider": "provider[\"registry.terraform.io/hashicorp/google-beta\"]",
      "instances": [
        {
          "schema_version": 0,
          "attributes": {
            "api_id": "flask-api-service-api-gateway",
            "create_time": "2025-04-06T18:46:39.235265621Z",
            "display_name": "flask-api-service-api-gateway",
            "effective_labels": {
              "goog-terraform-provisioned": "true"
            },
            "id": "projects/hamilius/locations/global/apis/flask-api-service-api-gateway",
            "labels": {},
            "managed_service": "flask-api-service-api-gateway-1tqf6g2tzvela.apigateway.hamilius.cloud.goog",
            "name": "projects/hamilius/locations/global/apis/flask-api-service-api-gateway",
            "project": "hamilius",
            "terraform_labels": {
              "goog-terraform-provisioned": "true"
            },
            "timeouts": null
          },
          "sensitive_attributes": [],
          "private": "eyJlMmJmYjczMC1lY2FhLTExZTYtOGY4OC0zNDM2M2JjN2M0YzAiOnsiY3JlYXRlIjoxMjAwMDAwMDAwMDAwLCJkZWxldGUiOjEyMDAwMDAwMDAwMDAsInVwZGF0ZSI6MTIwMDAwMDAwMDAwMH19",
          "dependencies": [
            "data.google_project.project"
          ],
          "create_before_destroy": true
        }
      ]
    },
    {
      "mode": "managed",
      "type": "google_api_gateway_api_config",
      "name": "flask-api-service_api_cfg",
      "provider": "provider[\"registry.terraform.io/hashicorp/google-beta\"]",
      "instances": [
        {
          "schema_version": 0,
          "attributes": {
            "api": "flask-api-service-api-gateway",
            "api_config_id": "flask-api-service-api-gateway-api-config",
            "api_config_id_prefix": null,
            "display_name": "flask-api-service-api-gateway-api-config",
            "effective_labels": {
              "goog-terraform-provisioned": "true"
            },
            "gateway_config": [],
            "grpc_services": [],
            "id": "projects/hamilius/locations/global/apis/flask-api-service-api-gateway/configs/flask-api-service-api-gateway-api-config",
            "labels": {},
            "managed_service_configs": [],
            "name": "projects/471862347286/locations/global/apis/flask-api-service-api-gateway/configs/flask-api-service-api-gateway-api-config",
            "openapi_documents": [
              {
                "document": [
                  {
                    "contents": "c3dhZ2dlcjogJzIuMCcKaW5mbzoKICB0aXRsZTogYXBpLWdhdGV3YXktaGFtaWxpdXMKICB2ZXJzaW9uOiAiMC4xIgpzY2hlbWVzOgogIC0gaHR0cHMKeC1nb29nbGUtbWFuYWdlbWVudDoKICBtZXRyaWNzOgogICAgLSBuYW1lOiAiZ2V0LXByb2Nlc3NlZC1maWxlcy1yZXF1ZXN0IgogICAgICBkaXNwbGF5TmFtZTogIkxpc3QgcHJvY2VzcyBjdXN0b21lciBmaWxlcyBxdW90YSIKICAgICAgdmFsdWVUeXBlOiBJTlQ2NAogICAgICBtZXRyaWNLaW5kOiBERUxUQQogIHF1b3RhOgogICAgbGltaXRzOgogICAgICAtIG5hbWU6ICJwcm9jZXNzZWQtZmlsZXMtbGltaXQiCiAgICAgICAgbWV0cmljOiAiZ2V0LXByb2Nlc3NlZC1maWxlcy1yZXF1ZXN0IgogICAgICAgIHVuaXQ6ICIxL21pbi97cHJvamVjdH0iCiAgICAgICAgdmFsdWVzOgogICAgICAgICAgU1RBTkRBUkQ6IDIKcHJvZHVjZXM6CiAgLSBhcHBsaWNhdGlvbi9qc29uCngtZ29vZ2xlLWJhY2tlbmQ6CiAgYWRkcmVzczogaHR0cHM6Ly9oYW1pbGl1cy0tZmxhc2stYXBpLXNlcnZpY2UtNDcxODYyMzQ3Mjg2LmV1cm9wZS13ZXN0MS5ydW4uYXBwCmRlZmluaXRpb25zOgogIERvY3VtZW50OgogICAgdHlwZTogb2JqZWN0CiAgICBwcm9wZXJ0aWVzOgogICAgICBjcmVhdGVkX2F0OgogICAgICAgIHR5cGU6IHN0cmluZwogICAgICAgIGZvcm1hdDogZGF0ZS10aW1lCiAgICAgICAgZXhhbXBsZTogIlN1biwgMDYgQXByIDIwMjUgMTQ6MTc6MzEgR01UIgogICAgICBlcnJvcl9tZXNzYWdlOgogICAgICAgIHR5cGU6IHN0cmluZwogICAgICAgIGV4YW1wbGU6ICJDb250ZW50IHR5cGUgbm90IHN1cHBvcnRlZCIKICAgICAgICB4LW51bGxhYmxlOiB0cnVlCiAgICAgIGlkOgogICAgICAgIHR5cGU6IHN0cmluZwogICAgICAgIGV4YW1wbGU6ICJSSGlGWTU1WGs1N3JjanJKZHZlTSIKICAgICAgb2JqZWN0X25hbWU6CiAgICAgICAgdHlwZTogc3RyaW5nCiAgICAgICAgZXhhbXBsZTogInRtdXgtMy4zYS9NYWtlZmlsZS5pbiIKICAgICAgc3RhdHVzOgogICAgICAgIHR5cGU6IHN0cmluZwogICAgICAgIGVudW06CiAgICAgICAgICAtICJlcnJvciIKICAgICAgICAgIC0gInN1Y2Nlc3MiICMgQXNzdW1pbmcgb3RoZXIgcG9zc2libGUgc3RhdHVzZXMKICAgICAgICBleGFtcGxlOiAiZXJyb3IiCiAgUmVzcG9uc2U6CiAgICB0eXBlOiBvYmplY3QKICAgIHByb3BlcnRpZXM6CiAgICAgIGRvY3M6CiAgICAgICAgdHlwZTogYXJyYXkKICAgICAgICBpdGVtczoKICAgICAgICAgICRyZWY6ICcjL2RlZmluaXRpb25zL0RvY3VtZW50JwogICAgICBsaW1pdDoKICAgICAgICB0eXBlOiBpbnRlZ2VyCiAgICAgICAgZXhhbXBsZTogMTAKICAgICAgbnVtX2RvY3M6CiAgICAgICAgdHlwZTogaW50ZWdlcgogICAgICAgIGV4YW1wbGU6IDEwCiAgQXBpUmVzcG9uc2U6CiAgICB0eXBlOiBvYmplY3QKICAgIHByb3BlcnRpZXM6CiAgICAgIGNvbnRlbnRfdHlwZToKICAgICAgICB0eXBlOiBzdHJpbmcKICAgICAgbGltaXQ6CiAgICAgICAgdHlwZTogaW50ZWdlcgogICAgICAgIGV4YW1wbGU6IDEwCiAgICAgIHJlc3BvbnNlOgogICAgICAgICRyZWY6ICcjL2RlZmluaXRpb25zL1Jlc3BvbnNlJwogICAgICBzdGF0dXM6CiAgICAgICAgdHlwZTogc3RyaW5nCiAgICAgIHN1Y2Nlc3M6CiAgICAgICAgdHlwZTogaW50ZWdlcgogICAgICAgIGVudW06CiAgICAgICAgICAtIDAKICAgICAgICAgIC0gMQogICAgICAgIGV4YW1wbGU6IDEKICAgICAgdGltZV9yZXF1ZXN0OgogICAgICAgIHR5cGU6IGludGVnZXIKICAgICAgICBleGFtcGxlOiAxNzQzOTYwNjIyCiAgICAgIHZlcnNpb246CiAgICAgICAgdHlwZTogc3RyaW5nCiAgICAgICAgZXhhbXBsZTogIjAuMSIKcGF0aHM6CiAgL3Byb2Nlc3NlZF9maWxlczogIyBSZXBsYWNlIHdpdGggeW91ciBhY3R1YWwgQVBJIGVuZHBvaW50CiAgICBnZXQ6CiAgICAgIHN1bW1hcnk6IEdldCBQcm9jZXNzZWQgRmlsZXMKICAgICAgb3BlcmF0aW9uSWQ6IGdldFByb2Nlc3NlZEZpbGVzCiAgICAgIHByb2R1Y2VzOgogICAgICAgIC0gYXBwbGljYXRpb24vanNvbgogICAgICByZXNwb25zZXM6CiAgICAgICAgJzIwMCc6CiAgICAgICAgICBkZXNjcmlwdGlvbjogU3VjY2Vzc2Z1bCByZXNwb25zZQogICAgICAgICAgc2NoZW1hOgogICAgICAgICAgICAkcmVmOiAnIy9kZWZpbml0aW9ucy9BcGlSZXNwb25zZScKICAgICAgeC1nb29nbGUtcXVvdGE6CiAgICAgICAgbWV0cmljQ29zdHM6CiAgICAgICAgICAiZ2V0LXByb2Nlc3NlZC1maWxlcy1yZXF1ZXN0IjogMQ==",
                    "path": "spec.yaml"
                  }
                ]
              }
            ],
            "project": "hamilius",
            "service_config_id": "flask-api-service-api-gateway-api-co-1msdqgpf6mkex",
            "terraform_labels": {
              "goog-terraform-provisioned": "true"
            },
            "timeouts": null
          },
          "sensitive_attributes": [],
          "private": "eyJlMmJmYjczMC1lY2FhLTExZTYtOGY4OC0zNDM2M2JjN2M0YzAiOnsiY3JlYXRlIjoxMjAwMDAwMDAwMDAwLCJkZWxldGUiOjEyMDAwMDAwMDAwMDAsInVwZGF0ZSI6MTIwMDAwMDAwMDAwMH19",
          "dependencies": [
            "data.google_project.project",
            "google_api_gateway_api.flask-api-service_api_cfg"
          ],
          "create_before_destroy": true
        }
      ]
    },
    {
      "mode": "managed",
      "type": "google_api_gateway_gateway",
      "name": "api_gw",
      "provider": "provider[\"registry.terraform.io/hashicorp/google-beta\"]",
      "instances": [
        {
          "schema_version": 0,
          "attributes": {
            "api_config": "projects/471862347286/locations/global/apis/flask-api-service-api-gateway/configs/flask-api-service-api-gateway-api-config",
            "default_hostname": "flask-api-service-gateway-gateway-60rqnpcm.ew.gateway.dev",
            "display_name": "flask-api-service-gateway-gateway",
            "effective_labels": {
              "goog-terraform-provisioned": "true"
            },
            "gateway_id": "flask-api-service-gateway-gateway",
            "id": "projects/hamilius/locations/europe-west1/gateways/flask-api-service-gateway-gateway",
            "labels": {},
            "name": "projects/hamilius/locations/europe-west1/gateways/flask-api-service-gateway-gateway",
            "project": "hamilius",
            "region": "europe-west1",
            "terraform_labels": {
              "goog-terraform-provisioned": "true"
            },
            "timeouts": null
          },
          "sensitive_attributes": [],
          "private": "eyJlMmJmYjczMC1lY2FhLTExZTYtOGY4OC0zNDM2M2JjN2M0YzAiOnsiY3JlYXRlIjoxMjAwMDAwMDAwMDAwLCJkZWxldGUiOjEyMDAwMDAwMDAwMDAsInVwZGF0ZSI6MTIwMDAwMDAwMDAwMH19",
          "dependencies": [
            "data.google_project.project",
            "google_api_gateway_api.flask-api-service_api_cfg",
            "google_api_gateway_api_config.flask-api-service_api_cfg"
          ]
        }
      ]
    },
    {
      "mode": "managed",
      "type": "google_cloud_run_service_iam_binding",
      "name": "cloud_run_service_invokers",
      "provider": "provider[\"registry.terraform.io/hashicorp/google\"]",
      "instances": [
        {
          "schema_version": 0,
          "attributes": {
            "condition": [],
            "etag": "BwYyIIpIYfI=",
            "id": "v1/projects/hamilius/locations/europe-west1/services/hamilius--flask-api-service/roles/run.invoker",
            "location": "europe-west1",
            "members": [
              "allUsers"
            ],
            "project": "hamilius",
            "role": "roles/run.invoker",
            "service": "v1/projects/hamilius/locations/europe-west1/services/hamilius--flask-api-service"
          },
          "sensitive_attributes": [],
          "private": "bnVsbA==",
          "dependencies": [
            "data.google_project.project",
            "google_cloud_run_v2_service.flask-api-service",
            "google_firestore_database.database",
            "random_id.bucket_prefix"
          ]
        }
      ]
    },
    {
      "mode": "managed",
      "type": "google_cloud_run_v2_service",
      "name": "flask-api-service",
      "provider": "provider[\"registry.terraform.io/hashicorp/google\"]",
      "instances": [
        {
          "schema_version": 0,
          "attributes": {
            "annotations": {},
            "binary_authorization": [],
            "build_config": [],
            "client": "",
            "client_version": "",
            "conditions": [
              {
                "execution_reason": "",
                "last_transition_time": "2025-04-06T22:49:22.455506Z",
                "message": "",
                "reason": "",
                "revision_reason": "",
                "severity": "",
                "state": "CONDITION_SUCCEEDED",
                "type": "RoutesReady"
              },
              {
                "execution_reason": "",
                "last_transition_time": "2025-04-06T22:49:21.235676Z",
                "message": "",
                "reason": "",
                "revision_reason": "",
                "severity": "",
                "state": "CONDITION_SUCCEEDED",
                "type": "ConfigurationsReady"
              }
            ],
            "create_time": "2025-04-05T13:17:03.068380Z",
            "creator": "for-hamilius@hamilius.iam.gserviceaccount.com",
            "custom_audiences": [],
            "delete_time": "",
            "deletion_protection": false,
            "description": "",
            "effective_annotations": {},
            "effective_labels": {
              "goog-terraform-provisioned": "true"
            },
            "etag": "\"CPqLzL8GEPi07YYB/cHJvamVjdHMvaGFtaWxpdXMvbG9jYXRpb25zL2V1cm9wZS13ZXN0MS9zZXJ2aWNlcy9oYW1pbGl1cy0tZmxhc2stYXBpLXNlcnZpY2U\"",
            "expire_time": "",
            "generation": "28",
            "id": "projects/hamilius/locations/europe-west1/services/hamilius--flask-api-service",
            "ingress": "INGRESS_TRAFFIC_ALL",
            "invoker_iam_disabled": false,
            "labels": {},
            "last_modifier": "for-hamilius@hamilius.iam.gserviceaccount.com",
            "latest_created_revision": "projects/hamilius/locations/europe-west1/services/hamilius--flask-api-service/revisions/hamilius--flask-api-service-00023-pzc",
            "latest_ready_revision": "projects/hamilius/locations/europe-west1/services/hamilius--flask-api-service/revisions/hamilius--flask-api-service-00023-pzc",
            "launch_stage": "GA",
            "location": "europe-west1",
            "name": "hamilius--flask-api-service",
            "observed_generation": "28",
            "project": "hamilius",
            "reconciling": false,
            "scaling": [],
            "template": [
              {
                "annotations": {},
                "containers": [
                  {
                    "args": [],
                    "base_image_uri": "",
                    "build_info": [],
                    "command": [],
                    "depends_on": [],
                    "env": [
                      {
                        "name": "FIRESTORE_COLLECTION",
                        "value": "processed_file",
                        "value_source": []
                      },
                      {
                        "name": "FIRESTORE_DATABASE_NAME",
                        "value": "hamilius-354828033903e2e6-one",
                        "value_source": []
                      },
                      {
                        "name": "FIRESTORE_PROJECT_ID",
                        "value": "hamilius",
                        "value_source": []
                      }
                    ],
                    "image": "europe-west1-docker.pkg.dev/hamilius/hamilius-docker-repo/flask-api-image",
                    "liveness_probe": [],
                    "name": "",
                    "ports": [
                      {
                        "container_port": 8080,
                        "name": "http1"
                      }
                    ],
                    "resources": [
                      {
                        "cpu_idle": true,
                        "limits": {
                          "cpu": "1000m",
                          "memory": "512Mi"
                        },
                        "startup_cpu_boost": false
                      }
                    ],
                    "startup_probe": [
                      {
                        "failure_threshold": 5,
                        "grpc": [],
                        "http_get": [
                          {
                            "http_headers": [
                              {
                                "name": "Access-Control-Allow-Origin",
                                "value": "*"
                              }
                            ],
                            "path": "/ping",
                            "port": 8080
                          }
                        ],
                        "initial_delay_seconds": 10,
                        "period_seconds": 3,
                        "tcp_socket": [],
                        "timeout_seconds": 3
                      }
                    ],
                    "volume_mounts": [],
                    "working_dir": ""
                  }
                ],
                "encryption_key": "",
                "execution_environment": "",
                "gpu_zonal_redundancy_disabled": false,
                "labels": {},
                "max_instance_request_concurrency": 80,
                "node_selector": [],
                "revision": "",
                "scaling": [
                  {
                    "max_instance_count": 100,
                    "min_instance_count": 0
                  }
                ],
                "service_account": "471862347286-compute@developer.gserviceaccount.com",
                "session_affinity": false,
                "timeout": "300s",
                "volumes": [],
                "vpc_access": []
              }
            ],
            "terminal_condition": [
              {
                "execution_reason": "",
                "last_transition_time": "2025-04-06T22:49:22.480833Z",
                "message": "",
                "reason": "",
                "revision_reason": "",
                "severity": "",
                "state": "CONDITION_SUCCEEDED",
                "type": "Ready"
              }
            ],
            "terraform_labels": {
              "goog-terraform-provisioned": "true"
            },
            "timeouts": null,
            "traffic": [
              {
                "percent": 100,
                "revision": "",
                "tag": "",
                "type": "TRAFFIC_TARGET_ALLOCATION_TYPE_LATEST"
              }
            ],
            "traffic_statuses": [
              {
                "percent": 100,
                "revision": "",
                "tag": "",
                "type": "TRAFFIC_TARGET_ALLOCATION_TYPE_LATEST",
                "uri": ""
              }
            ],
            "uid": "25ba3fa6-0d26-4b50-aa6b-edfb5beb86e4",
            "update_time": "2025-04-06T22:53:46.282811Z",
            "uri": "https://hamilius--flask-api-service-ujehffujhq-ew.a.run.app",
            "urls": [
              "https://hamilius--flask-api-service-471862347286.europe-west1.run.app",
              "https://hamilius--flask-api-service-ujehffujhq-ew.a.run.app"
            ]
          },
          "sensitive_attributes": [],
          "private": "eyJlMmJmYjczMC1lY2FhLTExZTYtOGY4OC0zNDM2M2JjN2M0YzAiOnsiY3JlYXRlIjoxMjAwMDAwMDAwMDAwLCJkZWxldGUiOjEyMDAwMDAwMDAwMDAsInVwZGF0ZSI6MTIwMDAwMDAwMDAwMH19",
          "dependencies": [
            "data.google_project.project",
            "google_firestore_database.database",
            "random_id.bucket_prefix"
          ]
        }
      ]
    },
    {
      "mode": "managed",
      "type": "google_firestore_database",
      "name": "database",
      "provider": "provider[\"registry.terraform.io/hashicorp/google\"]",
      "instances": [
        {
          "schema_version": 0,
          "attributes": {
            "app_engine_integration_mode": "DISABLED",
            "cmek_config": [],
            "concurrency_mode": "PESSIMISTIC",
            "create_time": "",
            "delete_protection_state": "DELETE_PROTECTION_DISABLED",
            "deletion_policy": "ABANDON",
            "earliest_version_time": "2025-04-06T21:53:39.635514Z",
            "etag": "IN+kw+y/xIwDMPWu35X3wIwD",
            "id": "projects/hamilius/databases/hamilius-354828033903e2e6-one",
            "key_prefix": "",
            "location_id": "europe-west1",
            "name": "hamilius-354828033903e2e6-one",
            "point_in_time_recovery_enablement": "POINT_IN_TIME_RECOVERY_DISABLED",
            "project": "hamilius",
            "timeouts": null,
            "type": "FIRESTORE_NATIVE",
            "uid": "d413113f-02ce-4ca7-827f-55717e9a37ec",
            "update_time": "",
            "version_retention_period": "3600s"
          },
          "sensitive_attributes": [],
          "private": "eyJlMmJmYjczMC1lY2FhLTExZTYtOGY4OC0zNDM2M2JjN2M0YzAiOnsiY3JlYXRlIjoxMjAwMDAwMDAwMDAwLCJkZWxldGUiOjEyMDAwMDAwMDAwMDAsInVwZGF0ZSI6MTIwMDAwMDAwMDAwMH19",
          "dependencies": [
            "data.google_project.project",
            "random_id.bucket_prefix"
          ]
        }
      ]
    },
    {
      "mode": "managed",
      "type": "google_firestore_document",
      "name": "mydoc",
      "provider": "provider[\"registry.terraform.io/hashicorp/google\"]",
      "instances": [
        {
          "schema_version": 0,
          "attributes": {
            "collection": "processed_files",
            "create_time": "2025-04-06T22:53:46.115516Z",
            "database": "hamilius-354828033903e2e6-one",
            "document_id": "my-test-doc-354828033903e2e6",
            "fields": "{\"something\":{\"mapValue\":{\"fields\":{\"akey\":{\"stringValue\":\"avalue\"}}}}}",
            "id": "projects/hamilius/databases/hamilius-354828033903e2e6-one/documents/processed_files/my-test-doc-354828033903e2e6",
            "name": "projects/hamilius/databases/hamilius-354828033903e2e6-one/documents/processed_files/my-test-doc-354828033903e2e6",
            "path": "processed_files/my-test-doc-354828033903e2e6",
            "project": "hamilius",
            "timeouts": null,
            "update_time": "2025-04-06T22:53:46.115516Z"
          },
          "sensitive_attributes": [],
          "private": "eyJlMmJmYjczMC1lY2FhLTExZTYtOGY4OC0zNDM2M2JjN2M0YzAiOnsiY3JlYXRlIjoxMjAwMDAwMDAwMDAwLCJkZWxldGUiOjEyMDAwMDAwMDAwMDAsInVwZGF0ZSI6MTIwMDAwMDAwMDAwMH19",
          "dependencies": [
            "data.google_project.project",
            "google_firestore_database.database",
            "random_id.bucket_prefix"
          ]
        }
      ]
    },
    {
      "mode": "managed",
      "type": "google_project_iam_member",
      "name": "artifactregistry_admin",
      "provider": "provider[\"registry.terraform.io/hashicorp/google\"]",
      "instances": [
        {
          "schema_version": 0,
          "attributes": {
            "condition": [],
            "etag": "BwYyH7KefJE=",
            "id": "hamilius/roles/artifactregistry.admin/serviceAccount:gcf-sa@hamilius.iam.gserviceaccount.com",
            "member": "serviceAccount:gcf-sa@hamilius.iam.gserviceaccount.com",
            "project": "hamilius",
            "role": "roles/artifactregistry.admin"
          },
          "sensitive_attributes": [],
          "private": "bnVsbA==",
          "dependencies": [
            "data.google_project.project",
            "google_service_account.account"
          ]
        }
      ]
    },
    {
      "mode": "managed",
      "type": "google_project_iam_member",
      "name": "artifactregistry_reader",
      "provider": "provider[\"registry.terraform.io/hashicorp/google\"]",
      "instances": [
        {
          "schema_version": 0,
          "attributes": {
            "condition": [],
            "etag": "BwYyH7KefJE=",
            "id": "hamilius/roles/artifactregistry.reader/serviceAccount:gcf-sa@hamilius.iam.gserviceaccount.com",
            "member": "serviceAccount:gcf-sa@hamilius.iam.gserviceaccount.com",
            "project": "hamilius",
            "role": "roles/artifactregistry.reader"
          },
          "sensitive_attributes": [],
          "private": "bnVsbA==",
          "dependencies": [
            "data.google_project.project",
            "data.google_storage_project_service_account.default",
            "google_project_iam_member.event_receiving",
            "google_project_iam_member.gcs_pubsub_publishing",
            "google_project_iam_member.invoking",
            "google_service_account.account"
          ]
        }
      ]
    },
    {
      "mode": "managed",
      "type": "google_project_iam_member",
      "name": "cloud_storage_reader",
      "provider": "provider[\"registry.terraform.io/hashicorp/google\"]",
      "instances": [
        {
          "schema_version": 0,
          "attributes": {
            "condition": [],
            "etag": "BwYyH7KefJE=",
            "id": "hamilius/roles/storage.objectViewer/serviceAccount:gcf-sa@hamilius.iam.gserviceaccount.com",
            "member": "serviceAccount:gcf-sa@hamilius.iam.gserviceaccount.com",
            "project": "hamilius",
            "role": "roles/storage.objectViewer"
          },
          "sensitive_attributes": [],
          "private": "bnVsbA==",
          "dependencies": [
            "data.google_project.project",
            "data.google_storage_project_service_account.default",
            "google_project_iam_member.event_receiving",
            "google_project_iam_member.gcs_pubsub_publishing",
            "google_project_iam_member.invoking",
            "google_service_account.account"
          ]
        }
      ]
    },
    {
      "mode": "managed",
      "type": "google_project_iam_member",
      "name": "developer",
      "provider": "provider[\"registry.terraform.io/hashicorp/google\"]",
      "instances": [
        {
          "schema_version": 0,
          "attributes": {
            "condition": [],
            "etag": "BwYyH7KefJE=",
            "id": "hamilius/roles/run.developer/serviceAccount:gcf-sa@hamilius.iam.gserviceaccount.com",
            "member": "serviceAccount:gcf-sa@hamilius.iam.gserviceaccount.com",
            "project": "hamilius",
            "role": "roles/run.developer"
          },
          "sensitive_attributes": [],
          "private": "bnVsbA==",
          "dependencies": [
            "data.google_project.project",
            "google_service_account.account"
          ]
        }
      ]
    },
    {
      "mode": "managed",
      "type": "google_project_iam_member",
      "name": "event_receiving",
      "provider": "provider[\"registry.terraform.io/hashicorp/google\"]",
      "instances": [
        {
          "schema_version": 0,
          "attributes": {
            "condition": [],
            "etag": "BwYyH7KefJE=",
            "id": "hamilius/roles/eventarc.eventReceiver/serviceAccount:gcf-sa@hamilius.iam.gserviceaccount.com",
            "member": "serviceAccount:gcf-sa@hamilius.iam.gserviceaccount.com",
            "project": "hamilius",
            "role": "roles/eventarc.eventReceiver"
          },
          "sensitive_attributes": [],
          "private": "bnVsbA==",
          "dependencies": [
            "data.google_project.project",
            "data.google_storage_project_service_account.default",
            "google_project_iam_member.gcs_pubsub_publishing",
            "google_project_iam_member.invoking",
            "google_service_account.account"
          ]
        }
      ]
    },
    {
      "mode": "managed",
      "type": "google_project_iam_member",
      "name": "firestore_user",
      "provider": "provider[\"registry.terraform.io/hashicorp/google\"]",
      "instances": [
        {
          "schema_version": 0,
          "attributes": {
            "condition": [],
            "etag": "BwYyH7KefJE=",
            "id": "hamilius/roles/datastore.user/serviceAccount:gcf-sa@hamilius.iam.gserviceaccount.com",
            "member": "serviceAccount:gcf-sa@hamilius.iam.gserviceaccount.com",
            "project": "hamilius",
            "role": "roles/datastore.user"
          },
          "sensitive_attributes": [],
          "private": "bnVsbA==",
          "dependencies": [
            "data.google_project.project",
            "google_service_account.account"
          ]
        }
      ]
    },
    {
      "mode": "managed",
      "type": "google_project_iam_member",
      "name": "gcs_pubsub_publishing",
      "provider": "provider[\"registry.terraform.io/hashicorp/google\"]",
      "instances": [
        {
          "schema_version": 0,
          "attributes": {
            "condition": [],
            "etag": "BwYyH7KefJE=",
            "id": "hamilius/roles/pubsub.publisher/serviceAccount:service-471862347286@gs-project-accounts.iam.gserviceaccount.com",
            "member": "serviceAccount:service-471862347286@gs-project-accounts.iam.gserviceaccount.com",
            "project": "hamilius",
            "role": "roles/pubsub.publisher"
          },
          "sensitive_attributes": [],
          "private": "bnVsbA==",
          "dependencies": [
            "data.google_project.project",
            "data.google_storage_project_service_account.default"
          ]
        }
      ]
    },
    {
      "mode": "managed",
      "type": "google_project_iam_member",
      "name": "invoking",
      "provider": "provider[\"registry.terraform.io/hashicorp/google\"]",
      "instances": [
        {
          "schema_version": 0,
          "attributes": {
            "condition": [],
            "etag": "BwYyH7KefJE=",
            "id": "hamilius/roles/run.invoker/serviceAccount:gcf-sa@hamilius.iam.gserviceaccount.com",
            "member": "serviceAccount:gcf-sa@hamilius.iam.gserviceaccount.com",
            "project": "hamilius",
            "role": "roles/run.invoker"
          },
          "sensitive_attributes": [],
          "private": "bnVsbA==",
          "dependencies": [
            "data.google_project.project",
            "data.google_storage_project_service_account.default",
            "google_project_iam_member.gcs_pubsub_publishing",
            "google_service_account.account"
          ]
        }
      ]
    },
    {
      "mode": "managed",
      "type": "google_project_iam_member",
      "name": "logWriter",
      "provider": "provider[\"registry.terraform.io/hashicorp/google\"]",
      "instances": [
        {
          "schema_version": 0,
          "attributes": {
            "condition": [],
            "etag": "BwYyH7KefJE=",
            "id": "hamilius/roles/logging.logWriter/serviceAccount:gcf-sa@hamilius.iam.gserviceaccount.com",
            "member": "serviceAccount:gcf-sa@hamilius.iam.gserviceaccount.com",
            "project": "hamilius",
            "role": "roles/logging.logWriter"
          },
          "sensitive_attributes": [],
          "private": "bnVsbA==",
          "dependencies": [
            "data.google_project.project",
            "google_service_account.account"
          ]
        }
      ]
    },
    {
      "mode": "managed",
      "type": "google_project_iam_member",
      "name": "serviceAccountUser",
      "provider": "provider[\"registry.terraform.io/hashicorp/google\"]",
      "instances": [
        {
          "schema_version": 0,
          "attributes": {
            "condition": [],
            "etag": "BwYyH7KefJE=",
            "id": "hamilius/roles/iam.serviceAccountUser/serviceAccount:gcf-sa@hamilius.iam.gserviceaccount.com",
            "member": "serviceAccount:gcf-sa@hamilius.iam.gserviceaccount.com",
            "project": "hamilius",
            "role": "roles/iam.serviceAccountUser"
          },
          "sensitive_attributes": [],
          "private": "bnVsbA==",
          "dependencies": [
            "data.google_project.project",
            "google_service_account.account"
          ]
        }
      ]
    },
    {
      "mode": "managed",
      "type": "google_service_account",
      "name": "account",
      "provider": "provider[\"registry.terraform.io/hashicorp/google\"]",
      "instances": [
        {
          "schema_version": 0,
          "attributes": {
            "account_id": "gcf-sa",
            "create_ignore_already_exists": null,
            "description": "",
            "disabled": false,
            "display_name": "Service Account - used for both the cloud function and eventarc trigger in the test",
            "email": "gcf-sa@hamilius.iam.gserviceaccount.com",
            "id": "projects/hamilius/serviceAccounts/gcf-sa@hamilius.iam.gserviceaccount.com",
            "member": "serviceAccount:gcf-sa@hamilius.iam.gserviceaccount.com",
            "name": "projects/hamilius/serviceAccounts/gcf-sa@hamilius.iam.gserviceaccount.com",
            "project": "hamilius",
            "timeouts": null,
            "unique_id": "117912301040366645775"
          },
          "sensitive_attributes": [],
          "private": "eyJlMmJmYjczMC1lY2FhLTExZTYtOGY4OC0zNDM2M2JjN2M0YzAiOnsiY3JlYXRlIjozMDAwMDAwMDAwMDB9fQ=="
        }
      ]
    },
    {
      "mode": "managed",
      "type": "google_storage_bucket",
      "name": "source_bucket",
      "provider": "provider[\"registry.terraform.io/hashicorp/google\"]",
      "instances": [
        {
          "schema_version": 3,
          "attributes": {
            "autoclass": [],
            "cors": [],
            "custom_placement_config": [],
            "default_event_based_hold": false,
            "effective_labels": {
              "goog-terraform-provisioned": "true"
            },
            "enable_object_retention": false,
            "encryption": [],
            "force_destroy": true,
            "hierarchical_namespace": [
              {
                "enabled": false
              }
            ],
            "id": "hamilius-354828033903e2e6-gcf-source-bucket",
            "labels": {},
            "lifecycle_rule": [],
            "location": "EUROPE-WEST1",
            "logging": [],
            "name": "hamilius-354828033903e2e6-gcf-source-bucket",
            "project": "hamilius",
            "project_number": 471862347286,
            "public_access_prevention": "inherited",
            "requester_pays": false,
            "retention_policy": [],
            "rpo": null,
            "self_link": "https://www.googleapis.com/storage/v1/b/hamilius-354828033903e2e6-gcf-source-bucket",
            "soft_delete_policy": [
              {
                "effective_time": "2025-04-05T12:47:16.788Z",
                "retention_duration_seconds": 604800
              }
            ],
            "storage_class": "STANDARD",
            "terraform_labels": {
              "goog-terraform-provisioned": "true"
            },
            "timeouts": null,
            "uniform_bucket_level_access": true,
            "url": "gs://hamilius-354828033903e2e6-gcf-source-bucket",
            "versioning": [],
            "website": []
          },
          "sensitive_attributes": [],
          "private": "eyJlMmJmYjczMC1lY2FhLTExZTYtOGY4OC0zNDM2M2JjN2M0YzAiOnsiY3JlYXRlIjo2MDAwMDAwMDAwMDAsInJlYWQiOjI0MDAwMDAwMDAwMCwidXBkYXRlIjoyNDAwMDAwMDAwMDB9LCJzY2hlbWFfdmVyc2lvbiI6IjMifQ==",
          "dependencies": [
            "data.google_project.project",
            "random_id.bucket_prefix"
          ]
        }
      ]
    },
    {
      "mode": "managed",
      "type": "google_storage_bucket",
      "name": "trigger_bucket",
      "provider": "provider[\"registry.terraform.io/hashicorp/google\"]",
      "instances": [
        {
          "schema_version": 3,
          "attributes": {
            "autoclass": [],
            "cors": [],
            "custom_placement_config": [],
            "default_event_based_hold": false,
            "effective_labels": {
              "goog-terraform-provisioned": "true"
            },
            "enable_object_retention": false,
            "encryption": [],
            "force_destroy": true,
            "hierarchical_namespace": [
              {
                "enabled": false
              }
            ],
            "id": "hamilius-354828033903e2e6-gcf-trigger-bucket",
            "labels": {},
            "lifecycle_rule": [],
            "location": "EUROPE-WEST1",
            "logging": [],
            "name": "hamilius-354828033903e2e6-gcf-trigger-bucket",
            "project": "hamilius",
            "project_number": 471862347286,
            "public_access_prevention": "inherited",
            "requester_pays": false,
            "retention_policy": [],
            "rpo": null,
            "self_link": "https://www.googleapis.com/storage/v1/b/hamilius-354828033903e2e6-gcf-trigger-bucket",
            "soft_delete_policy": [
              {
                "effective_time": "2025-04-05T12:47:17.788Z",
                "retention_duration_seconds": 604800
              }
            ],
            "storage_class": "STANDARD",
            "terraform_labels": {
              "goog-terraform-provisioned": "true"
            },
            "timeouts": null,
            "uniform_bucket_level_access": true,
            "url": "gs://hamilius-354828033903e2e6-gcf-trigger-bucket",
            "versioning": [],
            "website": []
          },
          "sensitive_attributes": [],
          "private": "eyJlMmJmYjczMC1lY2FhLTExZTYtOGY4OC0zNDM2M2JjN2M0YzAiOnsiY3JlYXRlIjo2MDAwMDAwMDAwMDAsInJlYWQiOjI0MDAwMDAwMDAwMCwidXBkYXRlIjoyNDAwMDAwMDAwMDB9LCJzY2hlbWFfdmVyc2lvbiI6IjMifQ==",
          "dependencies": [
            "data.google_project.project",
            "random_id.bucket_prefix"
          ]
        }
      ]
    },
    {
      "mode": "managed",
      "type": "google_storage_bucket_object",
      "name": "default",
      "provider": "provider[\"registry.terraform.io/hashicorp/google\"]",
      "instances": [
        {
          "schema_version": 0,
          "attributes": {
            "bucket": "hamilius-354828033903e2e6-gcf-source-bucket",
            "cache_control": "",
            "content": null,
            "content_disposition": "",
            "content_encoding": "",
            "content_language": "",
            "content_type": "application/zip",
            "crc32c": "BhDwcA==",
            "customer_encryption": [],
            "detect_md5hash": "Cin4AiMUqk+LeAFaCUaGyw==",
            "event_based_hold": false,
            "generation": 1743980026372676,
            "id": "hamilius-354828033903e2e6-gcf-source-bucket-function-source_b9ee5d3aedf6dcbed5af55a601f0bacd20cbcebcc403240e7bf12a7ce753984b.zip",
            "kms_key_name": "",
            "md5hash": "Cin4AiMUqk+LeAFaCUaGyw==",
            "media_link": "https://storage.googleapis.com/download/storage/v1/b/hamilius-354828033903e2e6-gcf-source-bucket/o/function-source_b9ee5d3aedf6dcbed5af55a601f0bacd20cbcebcc403240e7bf12a7ce753984b.zip?generation=1743980026372676\u0026alt=media",
            "metadata": null,
            "name": "function-source_b9ee5d3aedf6dcbed5af55a601f0bacd20cbcebcc403240e7bf12a7ce753984b.zip",
            "output_name": "function-source_b9ee5d3aedf6dcbed5af55a601f0bacd20cbcebcc403240e7bf12a7ce753984b.zip",
            "retention": [],
            "self_link": "https://www.googleapis.com/storage/v1/b/hamilius-354828033903e2e6-gcf-source-bucket/o/function-source_b9ee5d3aedf6dcbed5af55a601f0bacd20cbcebcc403240e7bf12a7ce753984b.zip",
            "source": "/tmp/function-source.zip",
            "storage_class": "STANDARD",
            "temporary_hold": false,
            "timeouts": null
          },
          "sensitive_attributes": [
            [
              {
                "type": "get_attr",
                "value": "content"
              }
            ]
          ],
          "private": "eyJlMmJmYjczMC1lY2FhLTExZTYtOGY4OC0zNDM2M2JjN2M0YzAiOnsiY3JlYXRlIjoyNDAwMDAwMDAwMDAsImRlbGV0ZSI6MjQwMDAwMDAwMDAwLCJ1cGRhdGUiOjI0MDAwMDAwMDAwMH19",
          "dependencies": [
            "data.archive_file.default",
            "data.google_project.project",
            "google_storage_bucket.source_bucket",
            "random_id.bucket_prefix"
          ]
        }
      ]
    },
    {
      "mode": "managed",
      "type": "random_id",
      "name": "bucket_prefix",
      "provider": "provider[\"registry.terraform.io/hashicorp/random\"]",
      "instances": [
        {
          "schema_version": 0,
          "attributes": {
            "b64_std": "NUgoAzkD4uY=",
            "b64_url": "NUgoAzkD4uY",
            "byte_length": 8,
            "dec": "3839362676639916774",
            "hex": "354828033903e2e6",
            "id": "NUgoAzkD4uY",
            "keepers": null,
            "prefix": null
          },
          "sensitive_attributes": []
        }
      ]
    },
    {
      "module": "module.google_cloud_function_triggered_by_object_storage_put",
      "mode": "managed",
      "type": "google_cloudfunctions2_function",
      "name": "default",
      "provider": "provider[\"registry.terraform.io/hashicorp/google\"]",
      "instances": [
        {
          "schema_version": 0,
          "attributes": {
            "build_config": [
              {
                "automatic_update_policy": [
                  {}
                ],
                "build": "projects/471862347286/locations/europe-west1/builds/72019cb4-f02d-4547-98f2-7a23e79f0167",
                "docker_repository": "projects/hamilius/locations/europe-west1/repositories/gcf-artifacts",
                "entry_point": "process_customer_file",
                "environment_variables": {
                  "BUILD_CONFIG_TEST": "build_test"
                },
                "on_deploy_update_policy": [],
                "runtime": "python312",
                "service_account": "projects/hamilius/serviceAccounts/471862347286-compute@developer.gserviceaccount.com",
                "source": [
                  {
                    "repo_source": [],
                    "storage_source": [
                      {
                        "bucket": "hamilius-354828033903e2e6-gcf-source-bucket",
                        "generation": 1743857433381971,
                        "object": "function-source_b9ee5d3aedf6dcbed5af55a601f0bacd20cbcebcc403240e7bf12a7ce753984b.zip"
                      }
                    ]
                  }
                ],
                "worker_pool": ""
              }
            ],
            "description": "a new function",
            "effective_labels": {
              "goog-terraform-provisioned": "true"
            },
            "environment": "GEN_2",
            "event_trigger": [
              {
                "event_filters": [
                  {
                    "attribute": "bucket",
                    "operator": "",
                    "value": "hamilius-354828033903e2e6-gcf-trigger-bucket"
                  }
                ],
                "event_type": "google.cloud.storage.object.v1.finalized",
                "pubsub_topic": "projects/hamilius/topics/eventarc-europe-west1-process-customer-files3-293442-009",
                "retry_policy": "RETRY_POLICY_RETRY",
                "service_account_email": "gcf-sa@hamilius.iam.gserviceaccount.com",
                "trigger": "projects/hamilius/locations/europe-west1/triggers/process-customer-files3-293442",
                "trigger_region": "europe-west1"
              }
            ],
            "id": "projects/hamilius/locations/europe-west1/functions/process_customer_files3",
            "kms_key_name": "",
            "labels": {},
            "location": "europe-west1",
            "name": "process_customer_files3",
            "project": "hamilius",
            "service_config": [
              {
                "all_traffic_on_latest_revision": true,
                "available_cpu": "0.1666",
                "available_memory": "256M",
                "binary_authorization_policy": "",
                "environment_variables": {
                  "FIRESTORE_COLLECTION_NAME": "processed_files",
                  "FIRESTORE_DATABASE_NAME": "hamilius-354828033903e2e6-one",
                  "FIRESTORE_PROJECT_ID": "hamilius",
                  "LOG_EXECUTION_ID": "true",
                  "SERVICE_CONFIG_TEST": "config_test"
                },
                "gcf_uri": "",
                "ingress_settings": "ALLOW_INTERNAL_ONLY",
                "max_instance_count": 3,
                "max_instance_request_concurrency": 1,
                "min_instance_count": 1,
                "secret_environment_variables": [],
                "secret_volumes": [],
                "service": "projects/hamilius/locations/europe-west1/services/process-customer-files3",
                "service_account_email": "gcf-sa@hamilius.iam.gserviceaccount.com",
                "timeout_seconds": 60,
                "uri": "https://process-customer-files3-ujehffujhq-ew.a.run.app",
                "vpc_connector": "",
                "vpc_connector_egress_settings": ""
              }
            ],
            "state": "ACTIVE",
            "terraform_labels": {
              "goog-terraform-provisioned": "true"
            },
            "timeouts": null,
            "update_time": "2025-04-06T22:54:48.098813071Z",
            "url": "https://europe-west1-hamilius.cloudfunctions.net/process_customer_files3"
          },
          "sensitive_attributes": [],
          "private": "eyJlMmJmYjczMC1lY2FhLTExZTYtOGY4OC0zNDM2M2JjN2M0YzAiOnsiY3JlYXRlIjozNjAwMDAwMDAwMDAwLCJkZWxldGUiOjM2MDAwMDAwMDAwMDAsInVwZGF0ZSI6MzYwMDAwMDAwMDAwMH19",
          "dependencies": [
            "data.archive_file.default",
            "data.google_project.project",
            "data.google_storage_project_service_account.default",
            "google_firestore_database.database",
            "google_firestore_document.mydoc",
            "google_project_iam_member.artifactregistry_reader",
            "google_project_iam_member.event_receiving",
            "google_project_iam_member.gcs_pubsub_publishing",
            "google_project_iam_member.invoking",
            "google_service_account.account",
            "google_storage_bucket.source_bucket",
            "google_storage_bucket.trigger_bucket",
            "google_storage_bucket_object.default",
            "random_id.bucket_prefix"
          ]
        }
      ]
    }
  ],
  "check_results": null
}
